
Microsoft Visual Studio Solution File, Format Version 12.00
# Visual Studio 15
Project("{FAE04EC0-301F-11D3-BF4B-00C04F79EFBC}") = "XamarinEF", "XamarinEF\XamarinEF.csproj", "{E8692B4D-03E1-481E-A5CE-447E2EBB52A5}"
EndProject
Project("{FAE04EC0-301F-11D3-BF4B-00C04F79EFBC}") = "XamarinEF.Core", "XamarinEF.Core\XamarinEF.Core.csproj", "{3CDC93EA-6B15-4CC4-8528-A000E7913C9B}"
EndProject
Global
	GlobalSection(SolutionConfigurationPlatforms) = preSolution
		Debug|iPhoneSimulator = Debug|iPhoneSimulator
		Release|iPhoneSimulator = Release|iPhoneSimulator
		Debug|iPhone = Debug|iPhone
		Release|iPhone = Release|iPhone
	EndGlobalSection
	GlobalSection(ProjectConfigurationPlatforms) = postSolution
		{E8692B4D-03E1-481E-A5CE-447E2EBB52A5}.Debug|iPhoneSimulator.ActiveCfg = Debug|iPhoneSimulator
		{E8692B4D-03E1-481E-A5CE-447E2EBB52A5}.Debug|iPhoneSimulator.Build.0 = Debug|iPhoneSimulator
		{E8692B4D-03E1-481E-A5CE-447E2EBB52A5}.Release|iPhoneSimulator.ActiveCfg = Release|iPhoneSimulator
		{E8692B4D-03E1-481E-A5CE-447E2EBB52A5}.Release|iPhoneSimulator.Build.0 = Release|iPhoneSimulator
		{E8692B4D-03E1-481E-A5CE-447E2EBB52A5}.Debug|iPhone.ActiveCfg = Debug|iPhone
		{E8692B4D-03E1-481E-A5CE-447E2EBB52A5}.Debug|iPhone.Build.0 = Debug|iPhone
		{E8692B4D-03E1-481E-A5CE-447E2EBB52A5}.Release|iPhone.ActiveCfg = Release|iPhone
		{E8692B4D-03E1-481E-A5CE-447E2EBB52A5}.Release|iPhone.Build.0 = Release|iPhone
		{3CDC93EA-6B15-4CC4-8528-A000E7913C9B}.Debug|iPhoneSimulator.ActiveCfg = Debug|Any CPU
		{3CDC93EA-6B15-4CC4-8528-A000E7913C9B}.Debug|iPhoneSimulator.Build.0 = Debug|Any CPU
		{3CDC93EA-6B15-4CC4-8528-A000E7913C9B}.Release|iPhoneSimulator.ActiveCfg = Release|Any CPU
		{3CDC93EA-6B15-4CC4-8528-A000E7913C9B}.Release|iPhoneSimulator.Build.0 = Release|Any CPU
		{3CDC93EA-6B15-4CC4-8528-A000E7913C9B}.Debug|iPhone.ActiveCfg = Debug|Any CPU
		{3CDC93EA-6B15-4CC4-8528-A000E7913C9B}.Debug|iPhone.Build.0 = Debug|Any CPU
		{3CDC93EA-6B15-4CC4-8528-A000E7913C9B}.Release|iPhone.ActiveCfg = Release|Any CPU
		{3CDC93EA-6B15-4CC4-8528-A000E7913C9B}.Release|iPhone.Build.0 = Release|Any CPU
	EndGlobalSection
EndGlobal
